{
  "name": "madao",
  "lockfileVersion": 2,
  "requires": true,
  "packages": {
    "": {
      "dependencies": {
        "dhtml-weixin": "^5.0.1"
      }
    },
    "node_modules/dhtml-weixin": {
      "version": "5.0.1",
      "resolved": "https://registry.npmmirror.com/dhtml-weixin/-/dhtml-weixin-5.0.1.tgz",
      "integrity": "sha512-NDDw5ab/iynwdVCcwKrZlUnBUvVfnWmvR8Gs4ju5azt90Mt8yndY4YdTTmS8GlWMVBJNqlhDahTLqCfiVa5/jg=="
    }
  },
  "dependencies": {
    "dhtml-weixin": {
      "version": "5.0.1",
      "resolved": "https://registry.npmmirror.com/dhtml-weixin/-/dhtml-weixin-5.0.1.tgz",
      "integrity": "sha512-NDDw5ab/iynwdVCcwKrZlUnBUvVfnWmvR8Gs4ju5azt90Mt8yndY4YdTTmS8GlWMVBJNqlhDahTLqCfiVa5/jg=="
    }
  }
}
